
Microsoft Visual Studio Solution File, Format Version 12.00
# Visual Studio Version 17
VisualStudioVersion = 17.11.35431.28
MinimumVisualStudioVersion = 10.0.40219.1
Project("{FAE04EC0-301F-11D3-BF4B-00C04F79EFBC}") = "Book Shop", "Book Shop\Book Shop.csproj", "{AB0E3336-CE82-40CF-9D51-B8BBA2AC5B2E}"
EndProject
Global
	GlobalSection(SolutionConfigurationPlatforms) = preSolution
		Debug|Any CPU = Debug|Any CPU
		Release|Any CPU = Release|Any CPU
	EndGlobalSection
	GlobalSection(ProjectConfigurationPlatforms) = postSolution
		{AB0E3336-CE82-40CF-9D51-B8BBA2AC5B2E}.Debug|Any CPU.ActiveCfg = Debug|Any CPU
		{AB0E3336-CE82-40CF-9D51-B8BBA2AC5B2E}.Debug|Any CPU.Build.0 = Debug|Any CPU
		{AB0E3336-CE82-40CF-9D51-B8BBA2AC5B2E}.Release|Any CPU.ActiveCfg = Release|Any CPU
		{AB0E3336-CE82-40CF-9D51-B8BBA2AC5B2E}.Release|Any CPU.Build.0 = Release|Any CPU
	EndGlobalSection
	GlobalSection(SolutionProperties) = preSolution
		HideSolutionNode = FALSE
	EndGlobalSection
	GlobalSection(ExtensibilityGlobals) = postSolution
		SolutionGuid = {F38D31D3-EE51-4EB7-B10B-78C52D10C644}
	EndGlobalSection
EndGlobal
